Microsoft Visual Studio Solution File, Format Version 12.00
# Visual Studio Version 17
VisualStudioVersion = 17.5.2.0
MinimumVisualStudioVersion = 10.0.40219.1
Project("{FAE04EC0-301F-11D3-BF4B-00C04F79EFBC}") = "Matriz1", "Matriz1.csproj", "{8DA988F5-DBF1-7EA8-1138-21D2339DA74C}"
EndProject
Global
	GlobalSection(SolutionConfigurationPlatforms) = preSolution
		Debug|Any CPU = Debug|Any CPU
		Release|Any CPU = Release|Any CPU
	EndGlobalSection
	GlobalSection(ProjectConfigurationPlatforms) = postSolution
		{8DA988F5-DBF1-7EA8-1138-21D2339DA74C}.Debug|Any CPU.ActiveCfg = Debug|Any CPU
		{8DA988F5-DBF1-7EA8-1138-21D2339DA74C}.Debug|Any CPU.Build.0 = Debug|Any CPU
		{8DA988F5-DBF1-7EA8-1138-21D2339DA74C}.Release|Any CPU.ActiveCfg = Release|Any CPU
		{8DA988F5-DBF1-7EA8-1138-21D2339DA74C}.Release|Any CPU.Build.0 = Release|Any CPU
	EndGlobalSection
	GlobalSection(SolutionProperties) = preSolution
		HideSolutionNode = FALSE
	EndGlobalSection
	GlobalSection(ExtensibilityGlobals) = postSolution
		SolutionGuid = {3054525D-8FED-4194-8062-C9CBEEF4AF5B}
	EndGlobalSection
EndGlobal
